
Microsoft Visual Studio Solution File, Format Version 12.00
# Visual Studio 15
VisualStudioVersion = 15.0.27428.2015
MinimumVisualStudioVersion = 10.0.40219.1
Project("{9A19103F-16F7-4668-BE54-9A1E7A4F7556}") = "P02_BlackBoxInteger", "P02_BlackBoxInteger.csproj", "{B4BA126E-43B0-4B72-A804-D23FDF9C92AA}"
EndProject
Global
	GlobalSection(SolutionConfigurationPlatforms) = preSolution
		Debug|Any CPU = Debug|Any CPU
		Release|Any CPU = Release|Any CPU
	EndGlobalSection
	GlobalSection(ProjectConfigurationPlatforms) = postSolution
		{B4BA126E-43B0-4B72-A804-D23FDF9C92AA}.Debug|Any CPU.ActiveCfg = Debug|Any CPU
		{B4BA126E-43B0-4B72-A804-D23FDF9C92AA}.Debug|Any CPU.Build.0 = Debug|Any CPU
		{B4BA126E-43B0-4B72-A804-D23FDF9C92AA}.Release|Any CPU.ActiveCfg = Release|Any CPU
		{B4BA126E-43B0-4B72-A804-D23FDF9C92AA}.Release|Any CPU.Build.0 = Release|Any CPU
	EndGlobalSection
	GlobalSection(SolutionProperties) = preSolution
		HideSolutionNode = FALSE
	EndGlobalSection
	GlobalSection(ExtensibilityGlobals) = postSolution
		SolutionGuid = {B460343E-922E-4429-A1F8-B9CD1B6531D0}
	EndGlobalSection
EndGlobal
